
Microsoft Visual Studio Solution File, Format Version 12.00
# Visual Studio Version 16
VisualStudioVersion = 16.0.30011.22
MinimumVisualStudioVersion = 10.0.40219.1
Project("{9A19103F-16F7-4668-BE54-9A1E7A4F7556}") = "AsynchrounousProgrammingBasics", "AsynchrounousProgrammingBasics\AsynchrounousProgrammingBasics.csproj", "{05740B21-9661-4046-A5D7-A9FCE32FC594}"
EndProject
Project("{FAE04EC0-301F-11D3-BF4B-00C04F79EFBC}") = "AsynchronousApi", "AsynchronousApi\AsynchronousApi.csproj", "{679F5B5A-0F96-4249-84A7-9DAD89BC91E4}"
EndProject
Global
	GlobalSection(SolutionConfigurationPlatforms) = preSolution
		Debug|Any CPU = Debug|Any CPU
		Release|Any CPU = Release|Any CPU
	EndGlobalSection
	GlobalSection(ProjectConfigurationPlatforms) = postSolution
		{05740B21-9661-4046-A5D7-A9FCE32FC594}.Debug|Any CPU.ActiveCfg = Debug|Any CPU
		{05740B21-9661-4046-A5D7-A9FCE32FC594}.Debug|Any CPU.Build.0 = Debug|Any CPU
		{05740B21-9661-4046-A5D7-A9FCE32FC594}.Release|Any CPU.ActiveCfg = Release|Any CPU
		{05740B21-9661-4046-A5D7-A9FCE32FC594}.Release|Any CPU.Build.0 = Release|Any CPU
		{679F5B5A-0F96-4249-84A7-9DAD89BC91E4}.Debug|Any CPU.ActiveCfg = Debug|Any CPU
		{679F5B5A-0F96-4249-84A7-9DAD89BC91E4}.Debug|Any CPU.Build.0 = Debug|Any CPU
		{679F5B5A-0F96-4249-84A7-9DAD89BC91E4}.Release|Any CPU.ActiveCfg = Release|Any CPU
		{679F5B5A-0F96-4249-84A7-9DAD89BC91E4}.Release|Any CPU.Build.0 = Release|Any CPU
	EndGlobalSection
	GlobalSection(SolutionProperties) = preSolution
		HideSolutionNode = FALSE
	EndGlobalSection
	GlobalSection(ExtensibilityGlobals) = postSolution
		SolutionGuid = {9DF7A667-F6F7-414F-9985-F1B0ABE29164}
	EndGlobalSection
EndGlobal
